
Microsoft Visual Studio Solution File, Format Version 12.00
# Visual Studio Version 17
VisualStudioVersion = 17.4.33122.133
MinimumVisualStudioVersion = 10.0.40219.1
Project("{FAE04EC0-301F-11D3-BF4B-00C04F79EFBC}") = "Banking Application", "Banking Application.csproj", "{C44A6BDF-E85E-4E25-91C5-275866478F66}"
EndProject
Project("{FAE04EC0-301F-11D3-BF4B-00C04F79EFBC}") = "Models", "..\Models\Models.csproj", "{878599AD-83D6-4631-BD97-49E58B98B2B8}"
EndProject
Project("{FAE04EC0-301F-11D3-BF4B-00C04F79EFBC}") = "BusinessLogic", "..\BusinessLogic\BusinessLogic.csproj", "{E3BA6EB4-75E0-4433-9A45-5C6AB532F14F}"
EndProject
Global
	GlobalSection(SolutionConfigurationPlatforms) = preSolution
		Debug|Any CPU = Debug|Any CPU
		Release|Any CPU = Release|Any CPU
	EndGlobalSection
	GlobalSection(ProjectConfigurationPlatforms) = postSolution
		{C44A6BDF-E85E-4E25-91C5-275866478F66}.Debug|Any CPU.ActiveCfg = Debug|Any CPU
		{C44A6BDF-E85E-4E25-91C5-275866478F66}.Debug|Any CPU.Build.0 = Debug|Any CPU
		{C44A6BDF-E85E-4E25-91C5-275866478F66}.Release|Any CPU.ActiveCfg = Release|Any CPU
		{C44A6BDF-E85E-4E25-91C5-275866478F66}.Release|Any CPU.Build.0 = Release|Any CPU
		{878599AD-83D6-4631-BD97-49E58B98B2B8}.Debug|Any CPU.ActiveCfg = Debug|Any CPU
		{878599AD-83D6-4631-BD97-49E58B98B2B8}.Debug|Any CPU.Build.0 = Debug|Any CPU
		{878599AD-83D6-4631-BD97-49E58B98B2B8}.Release|Any CPU.ActiveCfg = Release|Any CPU
		{878599AD-83D6-4631-BD97-49E58B98B2B8}.Release|Any CPU.Build.0 = Release|Any CPU
		{E3BA6EB4-75E0-4433-9A45-5C6AB532F14F}.Debug|Any CPU.ActiveCfg = Debug|Any CPU
		{E3BA6EB4-75E0-4433-9A45-5C6AB532F14F}.Debug|Any CPU.Build.0 = Debug|Any CPU
		{E3BA6EB4-75E0-4433-9A45-5C6AB532F14F}.Release|Any CPU.ActiveCfg = Release|Any CPU
		{E3BA6EB4-75E0-4433-9A45-5C6AB532F14F}.Release|Any CPU.Build.0 = Release|Any CPU
	EndGlobalSection
	GlobalSection(SolutionProperties) = preSolution
		HideSolutionNode = FALSE
	EndGlobalSection
	GlobalSection(ExtensibilityGlobals) = postSolution
		SolutionGuid = {47998000-309A-4C68-AA92-D3E1A7748C2E}
	EndGlobalSection
EndGlobal
